// !$*UTF8*$!
{
	archiveVersion = 1;
	classes = {
	};
	objectVersion = 56;
	objects = {

/* Begin PBXBuildFile section */
		0444306F2A16C0C500A4AB69 /* AppDelegate.swift in Sources */ = {isa = PBXBuildFile; fileRef = 0444306E2A16C0C500A4AB69 /* AppDelegate.swift */; };
		044430712A16C0C500A4AB69 /* SceneDelegate.swift in Sources */ = {isa = PBXBuildFile; fileRef = 044430702A16C0C500A4AB69 /* SceneDelegate.swift */; };
		044430732A16C0C500A4AB69 /* SportsViewController.swift in Sources */ = {isa = PBXBuildFile; fileRef = 044430722A16C0C500A4AB69 /* SportsViewController.swift */; };
		044430762A16C0C500A4AB69 /* Main.storyboard in Resources */ = {isa = PBXBuildFile; fileRef = 044430742A16C0C500A4AB69 /* Main.storyboard */; };
		044430792A16C0C500A4AB69 /* SportProject.xcdatamodeld in Sources */ = {isa = PBXBuildFile; fileRef = 044430772A16C0C500A4AB69 /* SportProject.xcdatamodeld */; };
		0444307B2A16C0C700A4AB69 /* Assets.xcassets in Resources */ = {isa = PBXBuildFile; fileRef = 0444307A2A16C0C700A4AB69 /* Assets.xcassets */; };
		0444307E2A16C0C700A4AB69 /* LaunchScreen.storyboard in Resources */ = {isa = PBXBuildFile; fileRef = 0444307C2A16C0C700A4AB69 /* LaunchScreen.storyboard */; };
		044430862A16C33A00A4AB69 /* SportsCollectionViewCell.swift in Sources */ = {isa = PBXBuildFile; fileRef = 044430852A16C33A00A4AB69 /* SportsCollectionViewCell.swift */; };
		046021E72A261DF00088FB47 /* FavoritesViewModel.swift in Sources */ = {isa = PBXBuildFile; fileRef = 046021E62A261DF00088FB47 /* FavoritesViewModel.swift */; };
		048501CE2A16ED1500F0D415 /* FavViewController.swift in Sources */ = {isa = PBXBuildFile; fileRef = 048501CD2A16ED1500F0D415 /* FavViewController.swift */; };
		048648282A1E6DAF00F9A1C2 /* SportProjectTests.swift in Sources */ = {isa = PBXBuildFile; fileRef = 048648272A1E6DAF00F9A1C2 /* SportProjectTests.swift */; };
		04874E442A1F0C0D0041B004 /* MockNetworkManager.swift in Sources */ = {isa = PBXBuildFile; fileRef = 04874E432A1F0C0D0041B004 /* MockNetworkManager.swift */; };
		04874E462A1F0C200041B004 /* FakeNetworkManager.swift in Sources */ = {isa = PBXBuildFile; fileRef = 04874E452A1F0C200041B004 /* FakeNetworkManager.swift */; };
		0487ADE32A1CF16800E57F13 /* TeamsDetailsViewController.swift in Sources */ = {isa = PBXBuildFile; fileRef = 0487ADE22A1CF16800E57F13 /* TeamsDetailsViewController.swift */; };
		0487ADE72A1CF34F00E57F13 /* PlayerCellTableViewCell.swift in Sources */ = {isa = PBXBuildFile; fileRef = 0487ADE62A1CF34F00E57F13 /* PlayerCellTableViewCell.swift */; };
		048CAA0B2A1D64F1009331BB /* EventsViewController.swift in Sources */ = {isa = PBXBuildFile; fileRef = 048CAA0A2A1D64F1009331BB /* EventsViewController.swift */; };
		048CAA112A1D70ED009331BB /* DCManagerFav.swift in Sources */ = {isa = PBXBuildFile; fileRef = 048CAA102A1D70ED009331BB /* DCManagerFav.swift */; };
		048CAA132A1D7388009331BB /* Item.swift in Sources */ = {isa = PBXBuildFile; fileRef = 048CAA122A1D7388009331BB /* Item.swift */; };
		049163362A17C1930036B4ED /* LeaguesTableViewCell.swift in Sources */ = {isa = PBXBuildFile; fileRef = 049163342A17C1930036B4ED /* LeaguesTableViewCell.swift */; };
		049163372A17C1930036B4ED /* LeaguesTableViewCell.xib in Resources */ = {isa = PBXBuildFile; fileRef = 049163352A17C1930036B4ED /* LeaguesTableViewCell.xib */; };
		0491633B2A17C6E10036B4ED /* LeaguesViewController.swift in Sources */ = {isa = PBXBuildFile; fileRef = 0491633A2A17C6E10036B4ED /* LeaguesViewController.swift */; };
		04916C262A183B7C001EC4C2 /* NetworkManager.swift in Sources */ = {isa = PBXBuildFile; fileRef = 04916C252A183B7C001EC4C2 /* NetworkManager.swift */; };
		04916C292A1840AC001EC4C2 /* LeaguesViewModel.swift in Sources */ = {isa = PBXBuildFile; fileRef = 04916C282A1840AC001EC4C2 /* LeaguesViewModel.swift */; };
		04916C2C2A184168001EC4C2 /* League.swift in Sources */ = {isa = PBXBuildFile; fileRef = 04916C2B2A184168001EC4C2 /* League.swift */; };
		049193DB2A19265E00AC0B20 /* LeagueResponse.swift in Sources */ = {isa = PBXBuildFile; fileRef = 049193DA2A19265E00AC0B20 /* LeagueResponse.swift */; };
		049193DD2A1933DC00AC0B20 /* DependencyProvider.swift in Sources */ = {isa = PBXBuildFile; fileRef = 049193DC2A1933DC00AC0B20 /* DependencyProvider.swift */; };
		049193E42A197EC200AC0B20 /* FirstCollectionViewCell.swift in Sources */ = {isa = PBXBuildFile; fileRef = 049193E32A197EC200AC0B20 /* FirstCollectionViewCell.swift */; };
		049193E62A197ED000AC0B20 /* SecondCollectionViewCell.swift in Sources */ = {isa = PBXBuildFile; fileRef = 049193E52A197ED000AC0B20 /* SecondCollectionViewCell.swift */; };
		049193E82A197EE500AC0B20 /* ThirdCollectionViewCell.swift in Sources */ = {isa = PBXBuildFile; fileRef = 049193E72A197EE500AC0B20 /* ThirdCollectionViewCell.swift */; };
		049193EA2A197F9400AC0B20 /* Team.swift in Sources */ = {isa = PBXBuildFile; fileRef = 049193E92A197F9400AC0B20 /* Team.swift */; };
		049193EC2A197FAC00AC0B20 /* TeamResponse.swift in Sources */ = {isa = PBXBuildFile; fileRef = 049193EB2A197FAC00AC0B20 /* TeamResponse.swift */; };
		049193EE2A19807B00AC0B20 /* Player.swift in Sources */ = {isa = PBXBuildFile; fileRef = 049193ED2A19807B00AC0B20 /* Player.swift */; };
		049193F02A1980A700AC0B20 /* Coach.swift in Sources */ = {isa = PBXBuildFile; fileRef = 049193EF2A1980A700AC0B20 /* Coach.swift */; };
		0491E1AB2A1A466B00C37E62 /* UpcomingEvent.swift in Sources */ = {isa = PBXBuildFile; fileRef = 0491E1AA2A1A466B00C37E62 /* UpcomingEvent.swift */; };
		0491E1AD2A1A469500C37E62 /* UpcomingEventResponse.swift in Sources */ = {isa = PBXBuildFile; fileRef = 0491E1AC2A1A469500C37E62 /* UpcomingEventResponse.swift */; };
		0491E1AF2A1A471300C37E62 /* LatestResult.swift in Sources */ = {isa = PBXBuildFile; fileRef = 0491E1AE2A1A471300C37E62 /* LatestResult.swift */; };
		0491E1B12A1A473500C37E62 /* LatestResultResponse.swift in Sources */ = {isa = PBXBuildFile; fileRef = 0491E1B02A1A473500C37E62 /* LatestResultResponse.swift */; };
		0491E1B32A1A4B5400C37E62 /* EventsViewModel.swift in Sources */ = {isa = PBXBuildFile; fileRef = 0491E1B22A1A4B5400C37E62 /* EventsViewModel.swift */; };
		ACEF6F06A508F78A1EF540CA /* Pods_SportProject.framework in Frameworks */ = {isa = PBXBuildFile; fileRef = 2FCC0EF6288D4BF9A7D84580 /* Pods_SportProject.framework */; };
/* End PBXBuildFile section */

/* Begin PBXContainerItemProxy section */
		048648292A1E6DAF00F9A1C2 /* PBXContainerItemProxy */ = {
			isa = PBXContainerItemProxy;
			containerPortal = 044430632A16C0C500A4AB69 /* Project object */;
			proxyType = 1;
			remoteGlobalIDString = 0444306A2A16C0C500A4AB69;
			remoteInfo = SportProject;
		};
/* End PBXContainerItemProxy section */

/* Begin PBXFileReference section */
		0444306B2A16C0C500A4AB69 /* SportProject.app */ = {isa = PBXFileReference; explicitFileType = wrapper.application; includeInIndex = 0; path = SportProject.app; sourceTree = BUILT_PRODUCTS_DIR; };
		0444306E2A16C0C500A4AB69 /* AppDelegate.swift */ = {isa = PBXFileReference; lastKnownFileType = sourcecode.swift; path = AppDelegate.swift; sourceTree = "<group>"; };
		044430702A16C0C500A4AB69 /* SceneDelegate.swift */ = {isa = PBXFileReference; lastKnownFileType = sourcecode.swift; path = SceneDelegate.swift; sourceTree = "<group>"; };
		044430722A16C0C500A4AB69 /* SportsViewController.swift */ = {isa = PBXFileReference; lastKnownFileType = sourcecode.swift; path = SportsViewController.swift; sourceTree = "<group>"; };
		044430752A16C0C500A4AB69 /* Base */ = {isa = PBXFileReference; lastKnownFileType = file.storyboard; name = Base; path = Base.lproj/Main.storyboard; sourceTree = "<group>"; };
		044430782A16C0C500A4AB69 /* SportProject.xcdatamodel */ = {isa = PBXFileReference; lastKnownFileType = wrapper.xcdatamodel; path = SportProject.xcdatamodel; sourceTree = "<group>"; };
		0444307A2A16C0C700A4AB69 /* Assets.xcassets */ = {isa = PBXFileReference; lastKnownFileType = folder.assetcatalog; path = Assets.xcassets; sourceTree = "<group>"; };
		0444307D2A16C0C700A4AB69 /* Base */ = {isa = PBXFileReference; lastKnownFileType = file.storyboard; name = Base; path = Base.lproj/LaunchScreen.storyboard; sourceTree = "<group>"; };
		0444307F2A16C0C700A4AB69 /* Info.plist */ = {isa = PBXFileReference; lastKnownFileType = text.plist.xml; path = Info.plist; sourceTree = "<group>"; };
		044430852A16C33A00A4AB69 /* SportsCollectionViewCell.swift */ = {isa = PBXFileReference; lastKnownFileType = sourcecode.swift; path = SportsCollectionViewCell.swift; sourceTree = "<group>"; };
		046021E62A261DF00088FB47 /* FavoritesViewModel.swift */ = {isa = PBXFileReference; lastKnownFileType = sourcecode.swift; path = FavoritesViewModel.swift; sourceTree = "<group>"; };
		048501CD2A16ED1500F0D415 /* FavViewController.swift */ = {isa = PBXFileReference; lastKnownFileType = sourcecode.swift; path = FavViewController.swift; sourceTree = "<group>"; };
		048648252A1E6DAF00F9A1C2 /* SportProjectTests.xctest */ = {isa = PBXFileReference; explicitFileType = wrapper.cfbundle; includeInIndex = 0; path = SportProjectTests.xctest; sourceTree = BUILT_PRODUCTS_DIR; };
		048648272A1E6DAF00F9A1C2 /* SportProjectTests.swift */ = {isa = PBXFileReference; lastKnownFileType = sourcecode.swift; path = SportProjectTests.swift; sourceTree = "<group>"; };
		04874E432A1F0C0D0041B004 /* MockNetworkManager.swift */ = {isa = PBXFileReference; lastKnownFileType = sourcecode.swift; path = MockNetworkManager.swift; sourceTree = "<group>"; };
		04874E452A1F0C200041B004 /* FakeNetworkManager.swift */ = {isa = PBXFileReference; lastKnownFileType = sourcecode.swift; path = FakeNetworkManager.swift; sourceTree = "<group>"; };
		0487ADE22A1CF16800E57F13 /* TeamsDetailsViewController.swift */ = {isa = PBXFileReference; lastKnownFileType = sourcecode.swift; path = TeamsDetailsViewController.swift; sourceTree = "<group>"; };
		0487ADE62A1CF34F00E57F13 /* PlayerCellTableViewCell.swift */ = {isa = PBXFileReference; lastKnownFileType = sourcecode.swift; path = PlayerCellTableViewCell.swift; sourceTree = "<group>"; };
		048CAA0A2A1D64F1009331BB /* EventsViewController.swift */ = {isa = PBXFileReference; lastKnownFileType = sourcecode.swift; path = EventsViewController.swift; sourceTree = "<group>"; };
		048CAA102A1D70ED009331BB /* DCManagerFav.swift */ = {isa = PBXFileReference; lastKnownFileType = sourcecode.swift; path = DCManagerFav.swift; sourceTree = "<group>"; };
		048CAA122A1D7388009331BB /* Item.swift */ = {isa = PBXFileReference; lastKnownFileType = sourcecode.swift; path = Item.swift; sourceTree = "<group>"; };
		049163342A17C1930036B4ED /* LeaguesTableViewCell.swift */ = {isa = PBXFileReference; lastKnownFileType = sourcecode.swift; path = LeaguesTableViewCell.swift; sourceTree = "<group>"; };
		049163352A17C1930036B4ED /* LeaguesTableViewCell.xib */ = {isa = PBXFileReference; lastKnownFileType = file.xib; path = LeaguesTableViewCell.xib; sourceTree = "<group>"; };
		0491633A2A17C6E10036B4ED /* LeaguesViewController.swift */ = {isa = PBXFileReference; lastKnownFileType = sourcecode.swift; path = LeaguesViewController.swift; sourceTree = "<group>"; };
		04916C252A183B7C001EC4C2 /* NetworkManager.swift */ = {isa = PBXFileReference; lastKnownFileType = sourcecode.swift; path = NetworkManager.swift; sourceTree = "<group>"; };
		04916C282A1840AC001EC4C2 /* LeaguesViewModel.swift */ = {isa = PBXFileReference; lastKnownFileType = sourcecode.swift; path = LeaguesViewModel.swift; sourceTree = "<group>"; };
		04916C2B2A184168001EC4C2 /* League.swift */ = {isa = PBXFileReference; lastKnownFileType = sourcecode.swift; path = League.swift; sourceTree = "<group>"; };
		049193DA2A19265E00AC0B20 /* LeagueResponse.swift */ = {isa = PBXFileReference; lastKnownFileType = sourcecode.swift; path = LeagueResponse.swift; sourceTree = "<group>"; };
		049193DC2A1933DC00AC0B20 /* DependencyProvider.swift */ = {isa = PBXFileReference; lastKnownFileType = sourcecode.swift; path = DependencyProvider.swift; sourceTree = "<group>"; };
		049193E32A197EC200AC0B20 /* FirstCollectionViewCell.swift */ = {isa = PBXFileReference; lastKnownFileType = sourcecode.swift; path = FirstCollectionViewCell.swift; sourceTree = "<group>"; };
		049193E52A197ED000AC0B20 /* SecondCollectionViewCell.swift */ = {isa = PBXFileReference; lastKnownFileType = sourcecode.swift; path = SecondCollectionViewCell.swift; sourceTree = "<group>"; };
		049193E72A197EE500AC0B20 /* ThirdCollectionViewCell.swift */ = {isa = PBXFileReference; lastKnownFileType = sourcecode.swift; path = ThirdCollectionViewCell.swift; sourceTree = "<group>"; };
		049193E92A197F9400AC0B20 /* Team.swift */ = {isa = PBXFileReference; lastKnownFileType = sourcecode.swift; path = Team.swift; sourceTree = "<group>"; };
		049193EB2A197FAC00AC0B20 /* TeamResponse.swift */ = {isa = PBXFileReference; lastKnownFileType = sourcecode.swift; path = TeamResponse.swift; sourceTree = "<group>"; };
		049193ED2A19807B00AC0B20 /* Player.swift */ = {isa = PBXFileReference; lastKnownFileType = sourcecode.swift; path = Player.swift; sourceTree = "<group>"; };
		049193EF2A1980A700AC0B20 /* Coach.swift */ = {isa = PBXFileReference; lastKnownFileType = sourcecode.swift; path = Coach.swift; sourceTree = "<group>"; };
		0491E1AA2A1A466B00C37E62 /* UpcomingEvent.swift */ = {isa = PBXFileReference; lastKnownFileType = sourcecode.swift; path = UpcomingEvent.swift; sourceTree = "<group>"; };
		0491E1AC2A1A469500C37E62 /* UpcomingEventResponse.swift */ = {isa = PBXFileReference; lastKnownFileType = sourcecode.swift; path = UpcomingEventResponse.swift; sourceTree = "<group>"; };
		0491E1AE2A1A471300C37E62 /* LatestResult.swift */ = {isa = PBXFileReference; lastKnownFileType = sourcecode.swift; path = LatestResult.swift; sourceTree = "<group>"; };
		0491E1B02A1A473500C37E62 /* LatestResultResponse.swift */ = {isa = PBXFileReference; lastKnownFileType = sourcecode.swift; path = LatestResultResponse.swift; sourceTree = "<group>"; };
		0491E1B22A1A4B5400C37E62 /* EventsViewModel.swift */ = {isa = PBXFileReference; lastKnownFileType = sourcecode.swift; path = EventsViewModel.swift; sourceTree = "<group>"; };
		2FCC0EF6288D4BF9A7D84580 /* Pods_SportProject.framework */ = {isa = PBXFileReference; explicitFileType = wrapper.framework; includeInIndex = 0; path = Pods_SportProject.framework; sourceTree = BUILT_PRODUCTS_DIR; };
		89E4EDDDC369D1600AB827B8 /* Pods-SportProject.debug.xcconfig */ = {isa = PBXFileReference; includeInIndex = 1; lastKnownFileType = text.xcconfig; name = "Pods-SportProject.debug.xcconfig"; path = "Target Support Files/Pods-SportProject/Pods-SportProject.debug.xcconfig"; sourceTree = "<group>"; };
		949C2BBD6BCBFD5A09657BEE /* Pods-SportProject.release.xcconfig */ = {isa = PBXFileReference; includeInIndex = 1; lastKnownFileType = text.xcconfig; name = "Pods-SportProject.release.xcconfig"; path = "Target Support Files/Pods-SportProject/Pods-SportProject.release.xcconfig"; sourceTree = "<group>"; };
/* End PBXFileReference section */

/* Begin PBXFrameworksBuildPhase section */
		044430682A16C0C500A4AB69 /* Frameworks */ = {
			isa = PBXFrameworksBuildPhase;
			buildActionMask = 2147483647;
			files = (
				ACEF6F06A508F78A1EF540CA /* Pods_SportProject.framework in Frameworks */,
			);
			runOnlyForDeploymentPostprocessing = 0;
		};
		048648222A1E6DAF00F9A1C2 /* Frameworks */ = {
			isa = PBXFrameworksBuildPhase;
			buildActionMask = 2147483647;
			files = (
			);
			runOnlyForDeploymentPostprocessing = 0;
		};
/* End PBXFrameworksBuildPhase section */

/* Begin PBXGroup section */
		044430622A16C0C500A4AB69 = {
			isa = PBXGroup;
			children = (
				0444306D2A16C0C500A4AB69 /* SportProject */,
				048648262A1E6DAF00F9A1C2 /* SportProjectTests */,
				0444306C2A16C0C500A4AB69 /* Products */,
				F7A941521C29CA1EE6CB2A38 /* Pods */,
				A4826CC8104504E77363F8CF /* Frameworks */,
			);
			sourceTree = "<group>";
		};
		0444306C2A16C0C500A4AB69 /* Products */ = {
			isa = PBXGroup;
			children = (
				0444306B2A16C0C500A4AB69 /* SportProject.app */,
				048648252A1E6DAF00F9A1C2 /* SportProjectTests.xctest */,
			);
			name = Products;
			sourceTree = "<group>";
		};
		0444306D2A16C0C500A4AB69 /* SportProject */ = {
			isa = PBXGroup;
			children = (
				048CAA0C2A1D6CD5009331BB /* DataCore */,
				04916C2A2A18413D001EC4C2 /* Model */,
				04916C242A183B65001EC4C2 /* Networking */,
				0491632D2A17B38E0036B4ED /* Modules */,
				0491632C2A17B3780036B4ED /* View */,
				0444306E2A16C0C500A4AB69 /* AppDelegate.swift */,
				044430702A16C0C500A4AB69 /* SceneDelegate.swift */,
				0444307A2A16C0C700A4AB69 /* Assets.xcassets */,
				0444307F2A16C0C700A4AB69 /* Info.plist */,
				044430772A16C0C500A4AB69 /* SportProject.xcdatamodeld */,
			);
			path = SportProject;
			sourceTree = "<group>";
		};
		048648262A1E6DAF00F9A1C2 /* SportProjectTests */ = {
			isa = PBXGroup;
			children = (
				04874E422A1F0BD50041B004 /* Mocking */,
				048648272A1E6DAF00F9A1C2 /* SportProjectTests.swift */,
			);
			path = SportProjectTests;
			sourceTree = "<group>";
		};
		04874E422A1F0BD50041B004 /* Mocking */ = {
			isa = PBXGroup;
			children = (
				04874E432A1F0C0D0041B004 /* MockNetworkManager.swift */,
				04874E452A1F0C200041B004 /* FakeNetworkManager.swift */,
			);
			path = Mocking;
			sourceTree = "<group>";
		};
		0487ADDF2A1CF12900E57F13 /* TeamsDetails */ = {
			isa = PBXGroup;
			children = (
				0487ADE12A1CF14300E57F13 /* ViewModel */,
				0487ADE02A1CF13C00E57F13 /* View */,
			);
			path = TeamsDetails;
			sourceTree = "<group>";
		};
		0487ADE02A1CF13C00E57F13 /* View */ = {
			isa = PBXGroup;
			children = (
				0487ADE22A1CF16800E57F13 /* TeamsDetailsViewController.swift */,
				0487ADE62A1CF34F00E57F13 /* PlayerCellTableViewCell.swift */,
			);
			path = View;
			sourceTree = "<group>";
		};
		0487ADE12A1CF14300E57F13 /* ViewModel */ = {
			isa = PBXGroup;
			children = (
			);
			path = ViewModel;
			sourceTree = "<group>";
		};
		048CAA0C2A1D6CD5009331BB /* DataCore */ = {
			isa = PBXGroup;
			children = (
				048CAA102A1D70ED009331BB /* DCManagerFav.swift */,
			);
			path = DataCore;
			sourceTree = "<group>";
		};
		0491632C2A17B3780036B4ED /* View */ = {
			isa = PBXGroup;
			children = (
				044430742A16C0C500A4AB69 /* Main.storyboard */,
				0444307C2A16C0C700A4AB69 /* LaunchScreen.storyboard */,
				049163342A17C1930036B4ED /* LeaguesTableViewCell.swift */,
				049163352A17C1930036B4ED /* LeaguesTableViewCell.xib */,
			);
			path = View;
			sourceTree = "<group>";
		};
		0491632D2A17B38E0036B4ED /* Modules */ = {
			isa = PBXGroup;
			children = (
				0487ADDF2A1CF12900E57F13 /* TeamsDetails */,
				049193DE2A197E3D00AC0B20 /* Events */,
				049163312A17B3EE0036B4ED /* Favorites */,
				049163382A17C5120036B4ED /* Leagues */,
				0491632E2A17B3A00036B4ED /* Sports */,
				049193DC2A1933DC00AC0B20 /* DependencyProvider.swift */,
			);
			path = Modules;
			sourceTree = "<group>";
		};
		0491632E2A17B3A00036B4ED /* Sports */ = {
			isa = PBXGroup;
			children = (
				0491632F2A17B3B80036B4ED /* View */,
			);
			path = Sports;
			sourceTree = "<group>";
		};
		0491632F2A17B3B80036B4ED /* View */ = {
			isa = PBXGroup;
			children = (
				044430722A16C0C500A4AB69 /* SportsViewController.swift */,
				044430852A16C33A00A4AB69 /* SportsCollectionViewCell.swift */,
			);
			path = View;
			sourceTree = "<group>";
		};
		049163312A17B3EE0036B4ED /* Favorites */ = {
			isa = PBXGroup;
			children = (
				049163332A17B4070036B4ED /* ViewModel */,
				049163322A17B4000036B4ED /* View */,
			);
			path = Favorites;
			sourceTree = "<group>";
		};
		049163322A17B4000036B4ED /* View */ = {
			isa = PBXGroup;
			children = (
				048501CD2A16ED1500F0D415 /* FavViewController.swift */,
			);
			path = View;
			sourceTree = "<group>";
		};
		049163332A17B4070036B4ED /* ViewModel */ = {
			isa = PBXGroup;
			children = (
				046021E62A261DF00088FB47 /* FavoritesViewModel.swift */,
			);
			path = ViewModel;
			sourceTree = "<group>";
		};
		049163382A17C5120036B4ED /* Leagues */ = {
			isa = PBXGroup;
			children = (
				04916C272A18408E001EC4C2 /* ViewModel */,
				049163392A17C5290036B4ED /* View */,
			);
			path = Leagues;
			sourceTree = "<group>";
		};
		049163392A17C5290036B4ED /* View */ = {
			isa = PBXGroup;
			children = (
				0491633A2A17C6E10036B4ED /* LeaguesViewController.swift */,
			);
			path = View;
			sourceTree = "<group>";
		};
		04916C242A183B65001EC4C2 /* Networking */ = {
			isa = PBXGroup;
			children = (
				04916C252A183B7C001EC4C2 /* NetworkManager.swift */,
			);
			path = Networking;
			sourceTree = "<group>";
		};
		04916C272A18408E001EC4C2 /* ViewModel */ = {
			isa = PBXGroup;
			children = (
				04916C282A1840AC001EC4C2 /* LeaguesViewModel.swift */,
			);
			path = ViewModel;
			sourceTree = "<group>";
		};
		04916C2A2A18413D001EC4C2 /* Model */ = {
			isa = PBXGroup;
			children = (
				04916C2B2A184168001EC4C2 /* League.swift */,
				049193DA2A19265E00AC0B20 /* LeagueResponse.swift */,
				049193E92A197F9400AC0B20 /* Team.swift */,
				049193EB2A197FAC00AC0B20 /* TeamResponse.swift */,
				049193ED2A19807B00AC0B20 /* Player.swift */,
				049193EF2A1980A700AC0B20 /* Coach.swift */,
				0491E1AA2A1A466B00C37E62 /* UpcomingEvent.swift */,
				0491E1AC2A1A469500C37E62 /* UpcomingEventResponse.swift */,
				0491E1AE2A1A471300C37E62 /* LatestResult.swift */,
				0491E1B02A1A473500C37E62 /* LatestResultResponse.swift */,
				048CAA122A1D7388009331BB /* Item.swift */,
			);
			path = Model;
			sourceTree = "<group>";
		};
		049193DE2A197E3D00AC0B20 /* Events */ = {
			isa = PBXGroup;
			children = (
				049193E02A197E6700AC0B20 /* ViewModel */,
				049193DF2A197E4C00AC0B20 /* View */,
			);
			path = Events;
			sourceTree = "<group>";
		};
		049193DF2A197E4C00AC0B20 /* View */ = {
			isa = PBXGroup;
			children = (
				049193E32A197EC200AC0B20 /* FirstCollectionViewCell.swift */,
				049193E52A197ED000AC0B20 /* SecondCollectionViewCell.swift */,
				049193E72A197EE500AC0B20 /* ThirdCollectionViewCell.swift */,
				048CAA0A2A1D64F1009331BB /* EventsViewController.swift */,
			);
			path = View;
			sourceTree = "<group>";
		};
		049193E02A197E6700AC0B20 /* ViewModel */ = {
			isa = PBXGroup;
			children = (
				0491E1B22A1A4B5400C37E62 /* EventsViewModel.swift */,
			);
			path = ViewModel;
			sourceTree = "<group>";
		};
		A4826CC8104504E77363F8CF /* Frameworks */ = {
			isa = PBXGroup;
			children = (
				2FCC0EF6288D4BF9A7D84580 /* Pods_SportProject.framework */,
			);
			name = Frameworks;
			sourceTree = "<group>";
		};
		F7A941521C29CA1EE6CB2A38 /* Pods */ = {
			isa = PBXGroup;
			children = (
				89E4EDDDC369D1600AB827B8 /* Pods-SportProject.debug.xcconfig */,
				949C2BBD6BCBFD5A09657BEE /* Pods-SportProject.release.xcconfig */,
			);
			path = Pods;
			sourceTree = "<group>";
		};
/* End PBXGroup section */

/* Begin PBXNativeTarget section */
		0444306A2A16C0C500A4AB69 /* SportProject */ = {
			isa = PBXNativeTarget;
			buildConfigurationList = 044430822A16C0C700A4AB69 /* Build configuration list for PBXNativeTarget "SportProject" */;
			buildPhases = (
				396D19BDFBC7C5AC2CFE6198 /* [CP] Check Pods Manifest.lock */,
				044430672A16C0C500A4AB69 /* Sources */,
				044430682A16C0C500A4AB69 /* Frameworks */,
				044430692A16C0C500A4AB69 /* Resources */,
				32D565C17CAF5C94E3904F26 /* [CP] Embed Pods Frameworks */,
			);
			buildRules = (
			);
			dependencies = (
			);
			name = SportProject;
			productName = SportProject;
			productReference = 0444306B2A16C0C500A4AB69 /* SportProject.app */;
			productType = "com.apple.product-type.application";
		};
		048648242A1E6DAF00F9A1C2 /* SportProjectTests */ = {
			isa = PBXNativeTarget;
			buildConfigurationList = 0486482D2A1E6DAF00F9A1C2 /* Build configuration list for PBXNativeTarget "SportProjectTests" */;
			buildPhases = (
				048648212A1E6DAF00F9A1C2 /* Sources */,
				048648222A1E6DAF00F9A1C2 /* Frameworks */,
				048648232A1E6DAF00F9A1C2 /* Resources */,
			);
			buildRules = (
			);
			dependencies = (
				0486482A2A1E6DAF00F9A1C2 /* PBXTargetDependency */,
			);
			name = SportProjectTests;
			productName = SportProjectTests;
			productReference = 048648252A1E6DAF00F9A1C2 /* SportProjectTests.xctest */;
			productType = "com.apple.product-type.bundle.unit-test";
		};
/* End PBXNativeTarget section */

/* Begin PBXProject section */
		044430632A16C0C500A4AB69 /* Project object */ = {
			isa = PBXProject;
			attributes = {
				BuildIndependentTargetsInParallel = 1;
				LastSwiftUpdateCheck = 1430;
				LastUpgradeCheck = 1430;
				TargetAttributes = {
					0444306A2A16C0C500A4AB69 = {
						CreatedOnToolsVersion = 14.3;
					};
					048648242A1E6DAF00F9A1C2 = {
						CreatedOnToolsVersion = 14.3;
						TestTargetID = 0444306A2A16C0C500A4AB69;
					};
				};
			};
			buildConfigurationList = 044430662A16C0C500A4AB69 /* Build configuration list for PBXProject "SportProject" */;
			compatibilityVersion = "Xcode 14.0";
			developmentRegion = en;
			hasScannedForEncodings = 0;
			knownRegions = (
				en,
				Base,
			);
			mainGroup = 044430622A16C0C500A4AB69;
			productRefGroup = 0444306C2A16C0C500A4AB69 /* Products */;
			projectDirPath = "";
			projectRoot = "";
			targets = (
				0444306A2A16C0C500A4AB69 /* SportProject */,
				048648242A1E6DAF00F9A1C2 /* SportProjectTests */,
			);
		};
/* End PBXProject section */

/* Begin PBXResourcesBuildPhase section */
		044430692A16C0C500A4AB69 /* Resources */ = {
			isa = PBXResourcesBuildPhase;
			buildActionMask = 2147483647;
			files = (
				0444307E2A16C0C700A4AB69 /* LaunchScreen.storyboard in Resources */,
				0444307B2A16C0C700A4AB69 /* Assets.xcassets in Resources */,
				049163372A17C1930036B4ED /* LeaguesTableViewCell.xib in Resources */,
				044430762A16C0C500A4AB69 /* Main.storyboard in Resources */,
			);
			runOnlyForDeploymentPostprocessing = 0;
		};
		048648232A1E6DAF00F9A1C2 /* Resources */ = {
			isa = PBXResourcesBuildPhase;
			buildActionMask = 2147483647;
			files = (
			);
			runOnlyForDeploymentPostprocessing = 0;
		};
/* End PBXResourcesBuildPhase section */

/* Begin PBXShellScriptBuildPhase section */
		32D565C17CAF5C94E3904F26 /* [CP] Embed Pods Frameworks */ = {
			isa = PBXShellScriptBuildPhase;
			buildActionMask = 2147483647;
			files = (
			);
			inputFileListPaths = (
				"${PODS_ROOT}/Target Support Files/Pods-SportProject/Pods-SportProject-frameworks-${CONFIGURATION}-input-files.xcfilelist",
			);
			name = "[CP] Embed Pods Frameworks";
			outputFileListPaths = (
				"${PODS_ROOT}/Target Support Files/Pods-SportProject/Pods-SportProject-frameworks-${CONFIGURATION}-output-files.xcfilelist",
			);
			runOnlyForDeploymentPostprocessing = 0;
			shellPath = /bin/sh;
			shellScript = "\"${PODS_ROOT}/Target Support Files/Pods-SportProject/Pods-SportProject-frameworks.sh\"\n";
			showEnvVarsInLog = 0;
		};
		396D19BDFBC7C5AC2CFE6198 /* [CP] Check Pods Manifest.lock */ = {
			isa = PBXShellScriptBuildPhase;
			buildActionMask = 2147483647;
			files = (
			);
			inputFileListPaths = (
			);
			inputPaths = (
				"${PODS_PODFILE_DIR_PATH}/Podfile.lock",
				"${PODS_ROOT}/Manifest.lock",
			);
			name = "[CP] Check Pods Manifest.lock";
			outputFileListPaths = (
			);
			outputPaths = (
				"$(DERIVED_FILE_DIR)/Pods-SportProject-checkManifestLockResult.txt",
			);
			runOnlyForDeploymentPostprocessing = 0;
			shellPath = /bin/sh;
			shellScript = "diff \"${PODS_PODFILE_DIR_PATH}/Podfile.lock\" \"${PODS_ROOT}/Manifest.lock\" > /dev/null\nif [ $? != 0 ] ; then\n    # print error to STDERR\n    echo \"error: The sandbox is not in sync with the Podfile.lock. Run 'pod install' or update your CocoaPods installation.\" >&2\n    exit 1\nfi\n# This output is used by Xcode 'outputs' to avoid re-running this script phase.\necho \"SUCCESS\" > \"${SCRIPT_OUTPUT_FILE_0}\"\n";
			showEnvVarsInLog = 0;
		};
/* End PBXShellScriptBuildPhase section */

/* Begin PBXSourcesBuildPhase section */
		044430672A16C0C500A4AB69 /* Sources */ = {
			isa = PBXSourcesBuildPhase;
			buildActionMask = 2147483647;
			files = (
				0491E1AB2A1A466B00C37E62 /* UpcomingEvent.swift in Sources */,
				0491E1B32A1A4B5400C37E62 /* EventsViewModel.swift in Sources */,
				049193EC2A197FAC00AC0B20 /* TeamResponse.swift in Sources */,
				048CAA0B2A1D64F1009331BB /* EventsViewController.swift in Sources */,
				049193EA2A197F9400AC0B20 /* Team.swift in Sources */,
				0487ADE32A1CF16800E57F13 /* TeamsDetailsViewController.swift in Sources */,
				049193E42A197EC200AC0B20 /* FirstCollectionViewCell.swift in Sources */,
				04916C262A183B7C001EC4C2 /* NetworkManager.swift in Sources */,
				048501CE2A16ED1500F0D415 /* FavViewController.swift in Sources */,
				044430862A16C33A00A4AB69 /* SportsCollectionViewCell.swift in Sources */,
				04916C292A1840AC001EC4C2 /* LeaguesViewModel.swift in Sources */,
				0491E1AD2A1A469500C37E62 /* UpcomingEventResponse.swift in Sources */,
				049193EE2A19807B00AC0B20 /* Player.swift in Sources */,
				044430792A16C0C500A4AB69 /* SportProject.xcdatamodeld in Sources */,
				0491E1B12A1A473500C37E62 /* LatestResultResponse.swift in Sources */,
				049193E82A197EE500AC0B20 /* ThirdCollectionViewCell.swift in Sources */,
				046021E72A261DF00088FB47 /* FavoritesViewModel.swift in Sources */,
				048CAA112A1D70ED009331BB /* DCManagerFav.swift in Sources */,
				0491633B2A17C6E10036B4ED /* LeaguesViewController.swift in Sources */,
				049163362A17C1930036B4ED /* LeaguesTableViewCell.swift in Sources */,
				048CAA132A1D7388009331BB /* Item.swift in Sources */,
				049193F02A1980A700AC0B20 /* Coach.swift in Sources */,
				044430732A16C0C500A4AB69 /* SportsViewController.swift in Sources */,
				0491E1AF2A1A471300C37E62 /* LatestResult.swift in Sources */,
				0444306F2A16C0C500A4AB69 /* AppDelegate.swift in Sources */,
				04916C2C2A184168001EC4C2 /* League.swift in Sources */,
				049193E62A197ED000AC0B20 /* SecondCollectionViewCell.swift in Sources */,
				049193DB2A19265E00AC0B20 /* LeagueResponse.swift in Sources */,
				049193DD2A1933DC00AC0B20 /* DependencyProvider.swift in Sources */,
				044430712A16C0C500A4AB69 /* SceneDelegate.swift in Sources */,
				0487ADE72A1CF34F00E57F13 /* PlayerCellTableViewCell.swift in Sources */,
			);
			runOnlyForDeploymentPostprocessing = 0;
		};
		048648212A1E6DAF00F9A1C2 /* Sources */ = {
			isa = PBXSourcesBuildPhase;
			buildActionMask = 2147483647;
			files = (
				04874E442A1F0C0D0041B004 /* MockNetworkManager.swift in Sources */,
				048648282A1E6DAF00F9A1C2 /* SportProjectTests.swift in Sources */,
				04874E462A1F0C200041B004 /* FakeNetworkManager.swift in Sources */,
			);
			runOnlyForDeploymentPostprocessing = 0;
		};
/* End PBXSourcesBuildPhase section */

/* Begin PBXTargetDependency section */
		0486482A2A1E6DAF00F9A1C2 /* PBXTargetDependency */ = {
			isa = PBXTargetDependency;
			target = 0444306A2A16C0C500A4AB69 /* SportProject */;
			targetProxy = 048648292A1E6DAF00F9A1C2 /* PBXContainerItemProxy */;
		};
/* End PBXTargetDependency section */

/* Begin PBXVariantGroup section */
		044430742A16C0C500A4AB69 /* Main.storyboard */ = {
			isa = PBXVariantGroup;
			children = (
				044430752A16C0C500A4AB69 /* Base */,
			);
			name = Main.storyboard;
			sourceTree = "<group>";
		};
		0444307C2A16C0C700A4AB69 /* LaunchScreen.storyboard */ = {
			isa = PBXVariantGroup;
			children = (
				0444307D2A16C0C700A4AB69 /* Base */,
			);
			name = LaunchScreen.storyboard;
			sourceTree = "<group>";
		};
/* End PBXVariantGroup section */

/* Begin XCBuildConfiguration section */
		044430802A16C0C700A4AB69 /* Debug */ = {
			isa = XCBuildConfiguration;
			buildSettings = {
				ALWAYS_SEARCH_USER_PATHS = NO;
				CLANG_ANALYZER_NONNULL = YES;
				CLANG_ANALYZER_NUMBER_OBJECT_CONVERSION = YES_AGGRESSIVE;
				CLANG_CXX_LANGUAGE_STANDARD = "gnu++20";
				CLANG_ENABLE_MODULES = YES;
				CLANG_ENABLE_OBJC_ARC = YES;
				CLANG_ENABLE_OBJC_WEAK = YES;
				CLANG_WARN_BLOCK_CAPTURE_AUTORELEASING = YES;
				CLANG_WARN_BOOL_CONVERSION = YES;
				CLANG_WARN_COMMA = YES;
				CLANG_WARN_CONSTANT_CONVERSION = YES;
				CLANG_WARN_DEPRECATED_OBJC_IMPLEMENTATIONS = YES;
				CLANG_WARN_DIRECT_OBJC_ISA_USAGE = YES_ERROR;
				CLANG_WARN_DOCUMENTATION_COMMENTS = YES;
				CLANG_WARN_EMPTY_BODY = YES;
				CLANG_WARN_ENUM_CONVERSION = YES;
				CLANG_WARN_INFINITE_RECURSION = YES;
				CLANG_WARN_INT_CONVERSION = YES;
				CLANG_WARN_NON_LITERAL_NULL_CONVERSION = YES;
				CLANG_WARN_OBJC_IMPLICIT_RETAIN_SELF = YES;
				CLANG_WARN_OBJC_LITERAL_CONVERSION = YES;
				CLANG_WARN_OBJC_ROOT_CLASS = YES_ERROR;
				CLANG_WARN_QUOTED_INCLUDE_IN_FRAMEWORK_HEADER = YES;
				CLANG_WARN_RANGE_LOOP_ANALYSIS = YES;
				CLANG_WARN_STRICT_PROTOTYPES = YES;
				CLANG_WARN_SUSPICIOUS_MOVE = YES;
				CLANG_WARN_UNGUARDED_AVAILABILITY = YES_AGGRESSIVE;
				CLANG_WARN_UNREACHABLE_CODE = YES;
				CLANG_WARN__DUPLICATE_METHOD_MATCH = YES;
				COPY_PHASE_STRIP = NO;
				DEBUG_INFORMATION_FORMAT = dwarf;
				ENABLE_STRICT_OBJC_MSGSEND = YES;
				ENABLE_TESTABILITY = YES;
				GCC_C_LANGUAGE_STANDARD = gnu11;
				GCC_DYNAMIC_NO_PIC = NO;
				GCC_NO_COMMON_BLOCKS = YES;
				GCC_OPTIMIZATION_LEVEL = 0;
				GCC_PREPROCESSOR_DEFINITIONS = (
					"DEBUG=1",
					"$(inherited)",
				);
				GCC_WARN_64_TO_32_BIT_CONVERSION = YES;
				GCC_WARN_ABOUT_RETURN_TYPE = YES_ERROR;
				GCC_WARN_UNDECLARED_SELECTOR = YES;
				GCC_WARN_UNINITIALIZED_AUTOS = YES_AGGRESSIVE;
				GCC_WARN_UNUSED_FUNCTION = YES;
				GCC_WARN_UNUSED_VARIABLE = YES;
				IPHONEOS_DEPLOYMENT_TARGET = 16.4;
				MTL_ENABLE_DEBUG_INFO = INCLUDE_SOURCE;
				MTL_FAST_MATH = YES;
				ONLY_ACTIVE_ARCH = YES;
				SDKROOT = iphoneos;
				SWIFT_ACTIVE_COMPILATION_CONDITIONS = DEBUG;
				SWIFT_OPTIMIZATION_LEVEL = "-Onone";
			};
			name = Debug;
		};
		044430812A16C0C700A4AB69 /* Release */ = {
			isa = XCBuildConfiguration;
			buildSettings = {
				ALWAYS_SEARCH_USER_PATHS = NO;
				CLANG_ANALYZER_NONNULL = YES;
				CLANG_ANALYZER_NUMBER_OBJECT_CONVERSION = YES_AGGRESSIVE;
				CLANG_CXX_LANGUAGE_STANDARD = "gnu++20";
				CLANG_ENABLE_MODULES = YES;
				CLANG_ENABLE_OBJC_ARC = YES;
				CLANG_ENABLE_OBJC_WEAK = YES;
				CLANG_WARN_BLOCK_CAPTURE_AUTORELEASING = YES;
				CLANG_WARN_BOOL_CONVERSION = YES;
				CLANG_WARN_COMMA = YES;
				CLANG_WARN_CONSTANT_CONVERSION = YES;
				CLANG_WARN_DEPRECATED_OBJC_IMPLEMENTATIONS = YES;
				CLANG_WARN_DIRECT_OBJC_ISA_USAGE = YES_ERROR;
				CLANG_WARN_DOCUMENTATION_COMMENTS = YES;
				CLANG_WARN_EMPTY_BODY = YES;
				CLANG_WARN_ENUM_CONVERSION = YES;
				CLANG_WARN_INFINITE_RECURSION = YES;
				CLANG_WARN_INT_CONVERSION = YES;
				CLANG_WARN_NON_LITERAL_NULL_CONVERSION = YES;
				CLANG_WARN_OBJC_IMPLICIT_RETAIN_SELF = YES;
				CLANG_WARN_OBJC_LITERAL_CONVERSION = YES;
				CLANG_WARN_OBJC_ROOT_CLASS = YES_ERROR;
				CLANG_WARN_QUOTED_INCLUDE_IN_FRAMEWORK_HEADER = YES;
				CLANG_WARN_RANGE_LOOP_ANALYSIS = YES;
				CLANG_WARN_STRICT_PROTOTYPES = YES;
				CLANG_WARN_SUSPICIOUS_MOVE = YES;
				CLANG_WARN_UNGUARDED_AVAILABILITY = YES_AGGRESSIVE;
				CLANG_WARN_UNREACHABLE_CODE = YES;
				CLANG_WARN__DUPLICATE_METHOD_MATCH = YES;
				COPY_PHASE_STRIP = NO;
				DEBUG_INFORMATION_FORMAT = "dwarf-with-dsym";
				ENABLE_NS_ASSERTIONS = NO;
				ENABLE_STRICT_OBJC_MSGSEND = YES;
				GCC_C_LANGUAGE_STANDARD = gnu11;
				GCC_NO_COMMON_BLOCKS = YES;
				GCC_WARN_64_TO_32_BIT_CONVERSION = YES;
				GCC_WARN_ABOUT_RETURN_TYPE = YES_ERROR;
				GCC_WARN_UNDECLARED_SELECTOR = YES;
				GCC_WARN_UNINITIALIZED_AUTOS = YES_AGGRESSIVE;
				GCC_WARN_UNUSED_FUNCTION = YES;
				GCC_WARN_UNUSED_VARIABLE = YES;
				IPHONEOS_DEPLOYMENT_TARGET = 16.4;
				MTL_ENABLE_DEBUG_INFO = NO;
				MTL_FAST_MATH = YES;
				SDKROOT = iphoneos;
				SWIFT_COMPILATION_MODE = wholemodule;
				SWIFT_OPTIMIZATION_LEVEL = "-O";
				VALIDATE_PRODUCT = YES;
			};
			name = Release;
		};
		044430832A16C0C700A4AB69 /* Debug */ = {
			isa = XCBuildConfiguration;
			baseConfigurationReference = 89E4EDDDC369D1600AB827B8 /* Pods-SportProject.debug.xcconfig */;
			buildSettings = {
				ASSETCATALOG_COMPILER_APPICON_NAME = AppIcon;
				ASSETCATALOG_COMPILER_GLOBAL_ACCENT_COLOR_NAME = AccentColor;
				ASSETCATALOG_COMPILER_INCLUDE_ALL_APPICON_ASSETS = YES;
				CODE_SIGN_STYLE = Automatic;
				CURRENT_PROJECT_VERSION = 1;
				GENERATE_INFOPLIST_FILE = YES;
				INFOPLIST_FILE = SportProject/Info.plist;
				INFOPLIST_KEY_UIApplicationSupportsIndirectInputEvents = YES;
				INFOPLIST_KEY_UILaunchStoryboardName = LaunchScreen;
				INFOPLIST_KEY_UIMainStoryboardFile = Main;
				INFOPLIST_KEY_UISupportedInterfaceOrientations_iPad = "UIInterfaceOrientationPortrait UIInterfaceOrientationPortraitUpsideDown UIInterfaceOrientationLandscapeLeft UIInterfaceOrientationLandscapeRight";
				INFOPLIST_KEY_UISupportedInterfaceOrientations_iPhone = "UIInterfaceOrientationPortrait UIInterfaceOrientationLandscapeLeft UIInterfaceOrientationLandscapeRight";
				LD_RUNPATH_SEARCH_PATHS = (
					"$(inherited)",
					"@executable_path/Frameworks",
				);
				MARKETING_VERSION = 1.0;
				PRODUCT_BUNDLE_IDENTIFIER = ITI.SportProject;
				PRODUCT_NAME = "$(TARGET_NAME)";
				SWIFT_EMIT_LOC_STRINGS = YES;
				SWIFT_VERSION = 5.0;
				TARGETED_DEVICE_FAMILY = "1,2";
			};
			name = Debug;
		};
		044430842A16C0C700A4AB69 /* Release */ = {
			isa = XCBuildConfiguration;
			baseConfigurationReference = 949C2BBD6BCBFD5A09657BEE /* Pods-SportProject.release.xcconfig */;
			buildSettings = {
				ASSETCATALOG_COMPILER_APPICON_NAME = AppIcon;
				ASSETCATALOG_COMPILER_GLOBAL_ACCENT_COLOR_NAME = AccentColor;
				ASSETCATALOG_COMPILER_INCLUDE_ALL_APPICON_ASSETS = YES;
				CODE_SIGN_STYLE = Automatic;
				CURRENT_PROJECT_VERSION = 1;
				GENERATE_INFOPLIST_FILE = YES;
				INFOPLIST_FILE = SportProject/Info.plist;
				INFOPLIST_KEY_UIApplicationSupportsIndirectInputEvents = YES;
				INFOPLIST_KEY_UILaunchStoryboardName = LaunchScreen;
				INFOPLIST_KEY_UIMainStoryboardFile = Main;
				INFOPLIST_KEY_UISupportedInterfaceOrientations_iPad = "UIInterfaceOrientationPortrait UIInterfaceOrientationPortraitUpsideDown UIInterfaceOrientationLandscapeLeft UIInterfaceOrientationLandscapeRight";
				INFOPLIST_KEY_UISupportedInterfaceOrientations_iPhone = "UIInterfaceOrientationPortrait UIInterfaceOrientationLandscapeLeft UIInterfaceOrientationLandscapeRight";
				LD_RUNPATH_SEARCH_PATHS = (
					"$(inherited)",
					"@executable_path/Frameworks",
				);
				MARKETING_VERSION = 1.0;
				PRODUCT_BUNDLE_IDENTIFIER = ITI.SportProject;
				PRODUCT_NAME = "$(TARGET_NAME)";
				SWIFT_EMIT_LOC_STRINGS = YES;
				SWIFT_VERSION = 5.0;
				TARGETED_DEVICE_FAMILY = "1,2";
			};
			name = Release;
		};
		0486482B2A1E6DAF00F9A1C2 /* Debug */ = {
			isa = XCBuildConfiguration;
			buildSettings = {
				BUNDLE_LOADER = "$(TEST_HOST)";
				CODE_SIGN_STYLE = Automatic;
				CURRENT_PROJECT_VERSION = 1;
				GENERATE_INFOPLIST_FILE = YES;
				IPHONEOS_DEPLOYMENT_TARGET = 16.4;
				MACOSX_DEPLOYMENT_TARGET = 13.0;
				MARKETING_VERSION = 1.0;
				PRODUCT_BUNDLE_IDENTIFIER = ITI.SportProjectTests;
				PRODUCT_NAME = "$(TARGET_NAME)";
				SDKROOT = auto;
				SUPPORTED_PLATFORMS = "iphoneos iphonesimulator macosx";
				SWIFT_EMIT_LOC_STRINGS = NO;
				SWIFT_VERSION = 5.0;
				TARGETED_DEVICE_FAMILY = "1,2";
				TEST_HOST = "$(BUILT_PRODUCTS_DIR)/SportProject.app/$(BUNDLE_EXECUTABLE_FOLDER_PATH)/SportProject";
			};
			name = Debug;
		};
		0486482C2A1E6DAF00F9A1C2 /* Release */ = {
			isa = XCBuildConfiguration;
			buildSettings = {
				BUNDLE_LOADER = "$(TEST_HOST)";
				CODE_SIGN_STYLE = Automatic;
				CURRENT_PROJECT_VERSION = 1;
				GENERATE_INFOPLIST_FILE = YES;
				IPHONEOS_DEPLOYMENT_TARGET = 16.4;
				MACOSX_DEPLOYMENT_TARGET = 13.0;
				MARKETING_VERSION = 1.0;
				PRODUCT_BUNDLE_IDENTIFIER = ITI.SportProjectTests;
				PRODUCT_NAME = "$(TARGET_NAME)";
				SDKROOT = auto;
				SUPPORTED_PLATFORMS = "iphoneos iphonesimulator macosx";
				SWIFT_EMIT_LOC_STRINGS = NO;
				SWIFT_VERSION = 5.0;
				TARGETED_DEVICE_FAMILY = "1,2";
				TEST_HOST = "$(BUILT_PRODUCTS_DIR)/SportProject.app/$(BUNDLE_EXECUTABLE_FOLDER_PATH)/SportProject";
			};
			name = Release;
		};
/* End XCBuildConfiguration section */

/* Begin XCConfigurationList section */
		044430662A16C0C500A4AB69 /* Build configuration list for PBXProject "SportProject" */ = {
			isa = XCConfigurationList;
			buildConfigurations = (
				044430802A16C0C700A4AB69 /* Debug */,
				044430812A16C0C700A4AB69 /* Release */,
			);
			defaultConfigurationIsVisible = 0;
			defaultConfigurationName = Release;
		};
		044430822A16C0C700A4AB69 /* Build configuration list for PBXNativeTarget "SportProject" */ = {
			isa = XCConfigurationList;
			buildConfigurations = (
				044430832A16C0C700A4AB69 /* Debug */,
				044430842A16C0C700A4AB69 /* Release */,
			);
			defaultConfigurationIsVisible = 0;
			defaultConfigurationName = Release;
		};
		0486482D2A1E6DAF00F9A1C2 /* Build configuration list for PBXNativeTarget "SportProjectTests" */ = {
			isa = XCConfigurationList;
			buildConfigurations = (
				0486482B2A1E6DAF00F9A1C2 /* Debug */,
				0486482C2A1E6DAF00F9A1C2 /* Release */,
			);
			defaultConfigurationIsVisible = 0;
			defaultConfigurationName = Release;
		};
/* End XCConfigurationList section */

/* Begin XCVersionGroup section */
		044430772A16C0C500A4AB69 /* SportProject.xcdatamodeld */ = {
			isa = XCVersionGroup;
			children = (
				044430782A16C0C500A4AB69 /* SportProject.xcdatamodel */,
			);
			currentVersion = 044430782A16C0C500A4AB69 /* SportProject.xcdatamodel */;
			path = SportProject.xcdatamodeld;
			sourceTree = "<group>";
			versionGroupType = wrapper.xcdatamodel;
		};
/* End XCVersionGroup section */
	};
	rootObject = 044430632A16C0C500A4AB69 /* Project object */;
}
